
Microsoft Visual Studio Solution File, Format Version 12.00
# Visual Studio 15
VisualStudioVersion = 15.0.28010.2003
MinimumVisualStudioVersion = 10.0.40219.1
Project("{FAE04EC0-301F-11D3-BF4B-00C04F79EFBC}") = "A2INDERPREETSINGHP2", "A2INDERPREETSINGHP2\A2INDERPREETSINGHP2.csproj", "{ABD5C658-6A4B-45DF-B4FC-6916A6927B3C}"
EndProject
Global
	GlobalSection(SolutionConfigurationPlatforms) = preSolution
		Debug|Any CPU = Debug|Any CPU
		Release|Any CPU = Release|Any CPU
	EndGlobalSection
	GlobalSection(ProjectConfigurationPlatforms) = postSolution
		{ABD5C658-6A4B-45DF-B4FC-6916A6927B3C}.Debug|Any CPU.ActiveCfg = Debug|Any CPU
		{ABD5C658-6A4B-45DF-B4FC-6916A6927B3C}.Debug|Any CPU.Build.0 = Debug|Any CPU
		{ABD5C658-6A4B-45DF-B4FC-6916A6927B3C}.Release|Any CPU.ActiveCfg = Release|Any CPU
		{ABD5C658-6A4B-45DF-B4FC-6916A6927B3C}.Release|Any CPU.Build.0 = Release|Any CPU
	EndGlobalSection
	GlobalSection(SolutionProperties) = preSolution
		HideSolutionNode = FALSE
	EndGlobalSection
	GlobalSection(ExtensibilityGlobals) = postSolution
		SolutionGuid = {2FF447BD-CD45-4ED6-988A-D3008647F957}
	EndGlobalSection
EndGlobal
